
Microsoft Visual Studio Solution File, Format Version 12.00
# Visual Studio Version 17
VisualStudioVersion = 17.5.33530.505
MinimumVisualStudioVersion = 10.0.40219.1
Project("{FAE04EC0-301F-11D3-BF4B-00C04F79EFBC}") = "BogusTestApp", "BogusTestApp\BogusTestApp.csproj", "{0087CAA6-8A9C-40D1-BBD7-8EED058D8BAE}"
EndProject
Project("{2150E333-8FDC-42A3-9474-1A3956D46DE8}") = "Test용", "Test용", "{8E6D895C-4321-42C9-A033-F6F5735F9EB1}"
EndProject
Project("{2150E333-8FDC-42A3-9474-1A3956D46DE8}") = "시뮬레이션용", "시뮬레이션용", "{70D1AF8E-DF5F-4DCA-856F-FFA61002EF5D}"
EndProject
Project("{2150E333-8FDC-42A3-9474-1A3956D46DE8}") = "MQTT publicsher", "MQTT publicsher", "{1001B93C-5C9D-4450-B4C0-7C5B87FFA538}"
EndProject
Project("{2150E333-8FDC-42A3-9474-1A3956D46DE8}") = "MQTT Subscriber", "MQTT Subscriber", "{11292DFC-9803-4EAF-97A5-47044FEDF347}"
EndProject
Project("{FAE04EC0-301F-11D3-BF4B-00C04F79EFBC}") = "FakeIotDeviceApp", "FakeIotDeviceApp\FakeIotDeviceApp.csproj", "{8BD892AF-3544-4CE7-8435-9977195E5A09}"
EndProject
Global
	GlobalSection(SolutionConfigurationPlatforms) = preSolution
		Debug|Any CPU = Debug|Any CPU
		Release|Any CPU = Release|Any CPU
	EndGlobalSection
	GlobalSection(ProjectConfigurationPlatforms) = postSolution
		{0087CAA6-8A9C-40D1-BBD7-8EED058D8BAE}.Debug|Any CPU.ActiveCfg = Debug|Any CPU
		{0087CAA6-8A9C-40D1-BBD7-8EED058D8BAE}.Debug|Any CPU.Build.0 = Debug|Any CPU
		{0087CAA6-8A9C-40D1-BBD7-8EED058D8BAE}.Release|Any CPU.ActiveCfg = Release|Any CPU
		{0087CAA6-8A9C-40D1-BBD7-8EED058D8BAE}.Release|Any CPU.Build.0 = Release|Any CPU
		{8BD892AF-3544-4CE7-8435-9977195E5A09}.Debug|Any CPU.ActiveCfg = Debug|Any CPU
		{8BD892AF-3544-4CE7-8435-9977195E5A09}.Debug|Any CPU.Build.0 = Debug|Any CPU
		{8BD892AF-3544-4CE7-8435-9977195E5A09}.Release|Any CPU.ActiveCfg = Release|Any CPU
		{8BD892AF-3544-4CE7-8435-9977195E5A09}.Release|Any CPU.Build.0 = Release|Any CPU
	EndGlobalSection
	GlobalSection(SolutionProperties) = preSolution
		HideSolutionNode = FALSE
	EndGlobalSection
	GlobalSection(NestedProjects) = preSolution
		{0087CAA6-8A9C-40D1-BBD7-8EED058D8BAE} = {8E6D895C-4321-42C9-A033-F6F5735F9EB1}
		{8BD892AF-3544-4CE7-8435-9977195E5A09} = {1001B93C-5C9D-4450-B4C0-7C5B87FFA538}
	EndGlobalSection
	GlobalSection(ExtensibilityGlobals) = postSolution
		SolutionGuid = {0418CD99-E7B5-4560-B0B7-69B3FA180F66}
	EndGlobalSection
EndGlobal
